
Microsoft Visual Studio Solution File, Format Version 12.00
# Visual Studio Version 16
VisualStudioVersion = 16.0.32510.428
MinimumVisualStudioVersion = 10.0.40219.1
Project("{FAE04EC0-301F-11D3-BF4B-00C04F79EFBC}") = "NETlab03", "NETlab03\NETlab03.csproj", "{FF1CE9EA-BEC7-4146-9FC3-9CA3CF040499}"
EndProject
Global
	GlobalSection(SolutionConfigurationPlatforms) = preSolution
		Debug|Any CPU = Debug|Any CPU
		Release|Any CPU = Release|Any CPU
	EndGlobalSection
	GlobalSection(ProjectConfigurationPlatforms) = postSolution
		{FF1CE9EA-BEC7-4146-9FC3-9CA3CF040499}.Debug|Any CPU.ActiveCfg = Debug|Any CPU
		{FF1CE9EA-BEC7-4146-9FC3-9CA3CF040499}.Debug|Any CPU.Build.0 = Debug|Any CPU
		{FF1CE9EA-BEC7-4146-9FC3-9CA3CF040499}.Release|Any CPU.ActiveCfg = Release|Any CPU
		{FF1CE9EA-BEC7-4146-9FC3-9CA3CF040499}.Release|Any CPU.Build.0 = Release|Any CPU
	EndGlobalSection
	GlobalSection(SolutionProperties) = preSolution
		HideSolutionNode = FALSE
	EndGlobalSection
	GlobalSection(ExtensibilityGlobals) = postSolution
		SolutionGuid = {3D83BCE0-D55D-4D6F-A75F-750C593A3805}
	EndGlobalSection
EndGlobal
